lockfileVersion: 5.3

specifiers:
  '@types/node': ^16.11.10
  typescript: ^4.5.2

devDependencies:
  '@types/node': 16.11.10
  typescript: 4.5.2

packages:

  /@types/node/16.11.10:
    resolution: {integrity: sha512-3aRnHa1KlOEEhJ6+CvyHKK5vE9BcLGjtUpwvqYLRvYNQKMfabu3BwfJaA/SLW8dxe28LsNDjtHwePTuzn3gmOA==}
    dev: true

  /typescript/4.5.2:
    resolution: {integrity: sha512-5BlMof9H1yGt0P8/WF+wPNw6GfctgGjXp5hkblpyT+8rkASSmkUKMXrxR0Xg8ThVCi/JnHQiKXeBaEwCeQwMFw==}
    engines: {node: '>=4.2.0'}
    hasBin: true
    dev: true
